
Microsoft Visual Studio Solution File, Format Version 12.00
# Visual Studio Express 15 for Windows Desktop
VisualStudioVersion = 15.0.27703.2047
MinimumVisualStudioVersion = 10.0.40219.1
Project("{FAE04EC0-301F-11D3-BF4B-00C04F79EFBC}") = "LoginPAge", "LoginPAge\LoginPAge.csproj", "{C17B2154-AAFD-49F1-A176-B85E3731CE99}"
EndProject
Project("{FAE04EC0-301F-11D3-BF4B-00C04F79EFBC}") = "job", "job\job.csproj", "{5BD5672B-2B43-4FB2-B3C7-DB01C6049B88}"
EndProject
Project("{FAE04EC0-301F-11D3-BF4B-00C04F79EFBC}") = "graphics", "graphics\graphics.csproj", "{3E8C6B00-A754-45E7-A26F-A67C5B593D4B}"
EndProject
Project("{FAE04EC0-301F-11D3-BF4B-00C04F79EFBC}") = "formcal", "formcal\formcal.csproj", "{DDCFE6A2-D1A4-4B04-B532-6B4A9E97E38C}"
EndProject
Project("{FAE04EC0-301F-11D3-BF4B-00C04F79EFBC}") = "Rectangle", "Rectangle\Rectangle.csproj", "{01ED7B06-5DCF-491E-81DC-2BD741C197CE}"
EndProject
Project("{FAE04EC0-301F-11D3-BF4B-00C04F79EFBC}") = "shapesgraphics", "shapesgraphics\shapesgraphics.csproj", "{FAF98F50-A8B0-4554-8768-18DCAD786370}"
EndProject
Project("{FAE04EC0-301F-11D3-BF4B-00C04F79EFBC}") = "stickynotes", "stickynotes\stickynotes.csproj", "{735BB921-A692-443C-A612-8F4B78727FD3}"
EndProject
Project("{FAE04EC0-301F-11D3-BF4B-00C04F79EFBC}") = "datagrid", "datagrid\datagrid.csproj", "{7A625D91-4785-4870-9043-237ED6555A1E}"
EndProject
Project("{FAE04EC0-301F-11D3-BF4B-00C04F79EFBC}") = "RR", "RR\RR.csproj", "{52D87C6C-E3AC-476A-BB9E-34D7EBFB6B71}"
EndProject
Global
	GlobalSection(SolutionConfigurationPlatforms) = preSolution
		Debug|Any CPU = Debug|Any CPU
		Release|Any CPU = Release|Any CPU
	EndGlobalSection
	GlobalSection(ProjectConfigurationPlatforms) = postSolution
		{C17B2154-AAFD-49F1-A176-B85E3731CE99}.Debug|Any CPU.ActiveCfg = Debug|Any CPU
		{C17B2154-AAFD-49F1-A176-B85E3731CE99}.Debug|Any CPU.Build.0 = Debug|Any CPU
		{C17B2154-AAFD-49F1-A176-B85E3731CE99}.Release|Any CPU.ActiveCfg = Release|Any CPU
		{C17B2154-AAFD-49F1-A176-B85E3731CE99}.Release|Any CPU.Build.0 = Release|Any CPU
		{5BD5672B-2B43-4FB2-B3C7-DB01C6049B88}.Debug|Any CPU.ActiveCfg = Debug|Any CPU
		{5BD5672B-2B43-4FB2-B3C7-DB01C6049B88}.Debug|Any CPU.Build.0 = Debug|Any CPU
		{5BD5672B-2B43-4FB2-B3C7-DB01C6049B88}.Release|Any CPU.ActiveCfg = Release|Any CPU
		{5BD5672B-2B43-4FB2-B3C7-DB01C6049B88}.Release|Any CPU.Build.0 = Release|Any CPU
		{3E8C6B00-A754-45E7-A26F-A67C5B593D4B}.Debug|Any CPU.ActiveCfg = Debug|Any CPU
		{3E8C6B00-A754-45E7-A26F-A67C5B593D4B}.Debug|Any CPU.Build.0 = Debug|Any CPU
		{3E8C6B00-A754-45E7-A26F-A67C5B593D4B}.Release|Any CPU.ActiveCfg = Release|Any CPU
		{3E8C6B00-A754-45E7-A26F-A67C5B593D4B}.Release|Any CPU.Build.0 = Release|Any CPU
		{DDCFE6A2-D1A4-4B04-B532-6B4A9E97E38C}.Debug|Any CPU.ActiveCfg = Debug|Any CPU
		{DDCFE6A2-D1A4-4B04-B532-6B4A9E97E38C}.Debug|Any CPU.Build.0 = Debug|Any CPU
		{DDCFE6A2-D1A4-4B04-B532-6B4A9E97E38C}.Release|Any CPU.ActiveCfg = Release|Any CPU
		{DDCFE6A2-D1A4-4B04-B532-6B4A9E97E38C}.Release|Any CPU.Build.0 = Release|Any CPU
		{01ED7B06-5DCF-491E-81DC-2BD741C197CE}.Debug|Any CPU.ActiveCfg = Debug|Any CPU
		{01ED7B06-5DCF-491E-81DC-2BD741C197CE}.Debug|Any CPU.Build.0 = Debug|Any CPU
		{01ED7B06-5DCF-491E-81DC-2BD741C197CE}.Release|Any CPU.ActiveCfg = Release|Any CPU
		{01ED7B06-5DCF-491E-81DC-2BD741C197CE}.Release|Any CPU.Build.0 = Release|Any CPU
		{FAF98F50-A8B0-4554-8768-18DCAD786370}.Debug|Any CPU.ActiveCfg = Debug|Any CPU
		{FAF98F50-A8B0-4554-8768-18DCAD786370}.Debug|Any CPU.Build.0 = Debug|Any CPU
		{FAF98F50-A8B0-4554-8768-18DCAD786370}.Release|Any CPU.ActiveCfg = Release|Any CPU
		{FAF98F50-A8B0-4554-8768-18DCAD786370}.Release|Any CPU.Build.0 = Release|Any CPU
		{735BB921-A692-443C-A612-8F4B78727FD3}.Debug|Any CPU.ActiveCfg = Debug|Any CPU
		{735BB921-A692-443C-A612-8F4B78727FD3}.Debug|Any CPU.Build.0 = Debug|Any CPU
		{735BB921-A692-443C-A612-8F4B78727FD3}.Release|Any CPU.ActiveCfg = Release|Any CPU
		{735BB921-A692-443C-A612-8F4B78727FD3}.Release|Any CPU.Build.0 = Release|Any CPU
		{7A625D91-4785-4870-9043-237ED6555A1E}.Debug|Any CPU.ActiveCfg = Debug|Any CPU
		{7A625D91-4785-4870-9043-237ED6555A1E}.Debug|Any CPU.Build.0 = Debug|Any CPU
		{7A625D91-4785-4870-9043-237ED6555A1E}.Release|Any CPU.ActiveCfg = Release|Any CPU
		{7A625D91-4785-4870-9043-237ED6555A1E}.Release|Any CPU.Build.0 = Release|Any CPU
		{52D87C6C-E3AC-476A-BB9E-34D7EBFB6B71}.Debug|Any CPU.ActiveCfg = Debug|Any CPU
		{52D87C6C-E3AC-476A-BB9E-34D7EBFB6B71}.Debug|Any CPU.Build.0 = Debug|Any CPU
		{52D87C6C-E3AC-476A-BB9E-34D7EBFB6B71}.Release|Any CPU.ActiveCfg = Release|Any CPU
		{52D87C6C-E3AC-476A-BB9E-34D7EBFB6B71}.Release|Any CPU.Build.0 = Release|Any CPU
	EndGlobalSection
	GlobalSection(SolutionProperties) = preSolution
		HideSolutionNode = FALSE
	EndGlobalSection
	GlobalSection(ExtensibilityGlobals) = postSolution
		SolutionGuid = {7FB7F1E6-12FA-4827-8A90-3F3D3911A8E2}
	EndGlobalSection
EndGlobal
