
Microsoft Visual Studio Solution File, Format Version 12.00
# Visual Studio Express 15 for Windows Desktop
VisualStudioVersion = 15.0.27703.2047
MinimumVisualStudioVersion = 10.0.40219.1
Project("{FAE04EC0-301F-11D3-BF4B-00C04F79EFBC}") = "evaluation 2", "evaluation 2\evaluation 2.csproj", "{2ADA7388-5351-4499-AA34-19E89E081AE8}"
EndProject
Global
	GlobalSection(SolutionConfigurationPlatforms) = preSolution
		Debug|Any CPU = Debug|Any CPU
		Release|Any CPU = Release|Any CPU
	EndGlobalSection
	GlobalSection(ProjectConfigurationPlatforms) = postSolution
		{2ADA7388-5351-4499-AA34-19E89E081AE8}.Debug|Any CPU.ActiveCfg = Debug|Any CPU
		{2ADA7388-5351-4499-AA34-19E89E081AE8}.Debug|Any CPU.Build.0 = Debug|Any CPU
		{2ADA7388-5351-4499-AA34-19E89E081AE8}.Release|Any CPU.ActiveCfg = Release|Any CPU
		{2ADA7388-5351-4499-AA34-19E89E081AE8}.Release|Any CPU.Build.0 = Release|Any CPU
	EndGlobalSection
	GlobalSection(SolutionProperties) = preSolution
		HideSolutionNode = FALSE
	EndGlobalSection
	GlobalSection(ExtensibilityGlobals) = postSolution
		SolutionGuid = {746445CF-9469-4E53-86FA-8560B1CB130C}
	EndGlobalSection
EndGlobal
