
Microsoft Visual Studio Solution File, Format Version 12.00
# Visual Studio Express 15 for Windows Desktop
VisualStudioVersion = 15.0.27703.2047
MinimumVisualStudioVersion = 10.0.40219.1
Project("{FAE04EC0-301F-11D3-BF4B-00C04F79EFBC}") = "TrainingNew", "TrainingNew\TrainingNew.csproj", "{E3D4D18F-4755-4A5F-AFA5-AB97F7442A78}"
EndProject
Project("{FAE04EC0-301F-11D3-BF4B-00C04F79EFBC}") = "database", "database\database.csproj", "{7604AA29-15EB-4B0D-B81B-75A39E449AD9}"
EndProject
Project("{FAE04EC0-301F-11D3-BF4B-00C04F79EFBC}") = "ConsoleApp1", "ConsoleApp1\ConsoleApp1.csproj", "{23551A9A-CA0F-4396-B1A0-164FEF047836}"
EndProject
Project("{FAE04EC0-301F-11D3-BF4B-00C04F79EFBC}") = "OOP", "OOP\OOP.csproj", "{F0176AE5-65FD-454D-A7C1-161EE82ED6F6}"
EndProject
Project("{FAE04EC0-301F-11D3-BF4B-00C04F79EFBC}") = "Zoo", "Zoo\Zoo.csproj", "{AB43888F-4BC4-48C4-937F-F018FAA6CF8C}"
EndProject
Project("{FAE04EC0-301F-11D3-BF4B-00C04F79EFBC}") = "ShapesFormsApp", "ShapesFormsApp\ShapesFormsApp.csproj", "{143C9262-6F89-4319-8145-A4902FA63A57}"
EndProject
Project("{FAE04EC0-301F-11D3-BF4B-00C04F79EFBC}") = "pagination", "pagination\pagination.csproj", "{4271312B-CC58-42B0-910E-7110945AF7AB}"
EndProject
Global
	GlobalSection(SolutionConfigurationPlatforms) = preSolution
		Debug|Any CPU = Debug|Any CPU
		Release|Any CPU = Release|Any CPU
	EndGlobalSection
	GlobalSection(ProjectConfigurationPlatforms) = postSolution
		{E3D4D18F-4755-4A5F-AFA5-AB97F7442A78}.Debug|Any CPU.ActiveCfg = Debug|Any CPU
		{E3D4D18F-4755-4A5F-AFA5-AB97F7442A78}.Debug|Any CPU.Build.0 = Debug|Any CPU
		{E3D4D18F-4755-4A5F-AFA5-AB97F7442A78}.Release|Any CPU.ActiveCfg = Release|Any CPU
		{E3D4D18F-4755-4A5F-AFA5-AB97F7442A78}.Release|Any CPU.Build.0 = Release|Any CPU
		{7604AA29-15EB-4B0D-B81B-75A39E449AD9}.Debug|Any CPU.ActiveCfg = Debug|Any CPU
		{7604AA29-15EB-4B0D-B81B-75A39E449AD9}.Debug|Any CPU.Build.0 = Debug|Any CPU
		{7604AA29-15EB-4B0D-B81B-75A39E449AD9}.Release|Any CPU.ActiveCfg = Release|Any CPU
		{7604AA29-15EB-4B0D-B81B-75A39E449AD9}.Release|Any CPU.Build.0 = Release|Any CPU
		{23551A9A-CA0F-4396-B1A0-164FEF047836}.Debug|Any CPU.ActiveCfg = Debug|Any CPU
		{23551A9A-CA0F-4396-B1A0-164FEF047836}.Debug|Any CPU.Build.0 = Debug|Any CPU
		{23551A9A-CA0F-4396-B1A0-164FEF047836}.Release|Any CPU.ActiveCfg = Release|Any CPU
		{23551A9A-CA0F-4396-B1A0-164FEF047836}.Release|Any CPU.Build.0 = Release|Any CPU
		{F0176AE5-65FD-454D-A7C1-161EE82ED6F6}.Debug|Any CPU.ActiveCfg = Debug|Any CPU
		{F0176AE5-65FD-454D-A7C1-161EE82ED6F6}.Debug|Any CPU.Build.0 = Debug|Any CPU
		{F0176AE5-65FD-454D-A7C1-161EE82ED6F6}.Release|Any CPU.ActiveCfg = Release|Any CPU
		{F0176AE5-65FD-454D-A7C1-161EE82ED6F6}.Release|Any CPU.Build.0 = Release|Any CPU
		{AB43888F-4BC4-48C4-937F-F018FAA6CF8C}.Debug|Any CPU.ActiveCfg = Debug|Any CPU
		{AB43888F-4BC4-48C4-937F-F018FAA6CF8C}.Debug|Any CPU.Build.0 = Debug|Any CPU
		{AB43888F-4BC4-48C4-937F-F018FAA6CF8C}.Release|Any CPU.ActiveCfg = Release|Any CPU
		{AB43888F-4BC4-48C4-937F-F018FAA6CF8C}.Release|Any CPU.Build.0 = Release|Any CPU
		{143C9262-6F89-4319-8145-A4902FA63A57}.Debug|Any CPU.ActiveCfg = Debug|Any CPU
		{143C9262-6F89-4319-8145-A4902FA63A57}.Debug|Any CPU.Build.0 = Debug|Any CPU
		{143C9262-6F89-4319-8145-A4902FA63A57}.Release|Any CPU.ActiveCfg = Release|Any CPU
		{143C9262-6F89-4319-8145-A4902FA63A57}.Release|Any CPU.Build.0 = Release|Any CPU
		{4271312B-CC58-42B0-910E-7110945AF7AB}.Debug|Any CPU.ActiveCfg = Debug|Any CPU
		{4271312B-CC58-42B0-910E-7110945AF7AB}.Debug|Any CPU.Build.0 = Debug|Any CPU
		{4271312B-CC58-42B0-910E-7110945AF7AB}.Release|Any CPU.ActiveCfg = Release|Any CPU
		{4271312B-CC58-42B0-910E-7110945AF7AB}.Release|Any CPU.Build.0 = Release|Any CPU
	EndGlobalSection
	GlobalSection(SolutionProperties) = preSolution
		HideSolutionNode = FALSE
	EndGlobalSection
	GlobalSection(ExtensibilityGlobals) = postSolution
		SolutionGuid = {2C9CDE37-7820-47F0-A17E-EDA46D0E835C}
	EndGlobalSection
EndGlobal
