
Microsoft Visual Studio Solution File, Format Version 12.00
# Visual Studio Express 15 for Windows Desktop
VisualStudioVersion = 15.0.27703.2047
MinimumVisualStudioVersion = 10.0.40219.1
Project("{FAE04EC0-301F-11D3-BF4B-00C04F79EFBC}") = "ConsoleApp3", "ConsoleApp3\ConsoleApp3.csproj", "{349F01E4-FC96-4B13-9EF9-A2A3FCCA9C05}"
EndProject
Project("{FAE04EC0-301F-11D3-BF4B-00C04F79EFBC}") = "directions", "directions\directions.csproj", "{8E4B4B24-9EE7-4456-A7A0-9F43A4FCBD8B}"
EndProject
Project("{FAE04EC0-301F-11D3-BF4B-00C04F79EFBC}") = "linkquery", "linkquery\linkquery.csproj", "{BE06DA18-20F0-42B1-B79C-C1B35C5B70CA}"
EndProject
Project("{FAE04EC0-301F-11D3-BF4B-00C04F79EFBC}") = "linq", "linq\linq.csproj", "{54324F5E-CBFF-4061-AE85-5262EBB16D18}"
EndProject
Project("{FAE04EC0-301F-11D3-BF4B-00C04F79EFBC}") = "event", "event\event.csproj", "{23021929-AEE9-4B40-A53A-8CB1B7E17F27}"
EndProject
Global
	GlobalSection(SolutionConfigurationPlatforms) = preSolution
		Debug|Any CPU = Debug|Any CPU
		Release|Any CPU = Release|Any CPU
	EndGlobalSection
	GlobalSection(ProjectConfigurationPlatforms) = postSolution
		{349F01E4-FC96-4B13-9EF9-A2A3FCCA9C05}.Debug|Any CPU.ActiveCfg = Debug|Any CPU
		{349F01E4-FC96-4B13-9EF9-A2A3FCCA9C05}.Debug|Any CPU.Build.0 = Debug|Any CPU
		{349F01E4-FC96-4B13-9EF9-A2A3FCCA9C05}.Release|Any CPU.ActiveCfg = Release|Any CPU
		{349F01E4-FC96-4B13-9EF9-A2A3FCCA9C05}.Release|Any CPU.Build.0 = Release|Any CPU
		{8E4B4B24-9EE7-4456-A7A0-9F43A4FCBD8B}.Debug|Any CPU.ActiveCfg = Debug|Any CPU
		{8E4B4B24-9EE7-4456-A7A0-9F43A4FCBD8B}.Debug|Any CPU.Build.0 = Debug|Any CPU
		{8E4B4B24-9EE7-4456-A7A0-9F43A4FCBD8B}.Release|Any CPU.ActiveCfg = Release|Any CPU
		{8E4B4B24-9EE7-4456-A7A0-9F43A4FCBD8B}.Release|Any CPU.Build.0 = Release|Any CPU
		{BE06DA18-20F0-42B1-B79C-C1B35C5B70CA}.Debug|Any CPU.ActiveCfg = Debug|Any CPU
		{BE06DA18-20F0-42B1-B79C-C1B35C5B70CA}.Debug|Any CPU.Build.0 = Debug|Any CPU
		{BE06DA18-20F0-42B1-B79C-C1B35C5B70CA}.Release|Any CPU.ActiveCfg = Release|Any CPU
		{BE06DA18-20F0-42B1-B79C-C1B35C5B70CA}.Release|Any CPU.Build.0 = Release|Any CPU
		{54324F5E-CBFF-4061-AE85-5262EBB16D18}.Debug|Any CPU.ActiveCfg = Debug|Any CPU
		{54324F5E-CBFF-4061-AE85-5262EBB16D18}.Debug|Any CPU.Build.0 = Debug|Any CPU
		{54324F5E-CBFF-4061-AE85-5262EBB16D18}.Release|Any CPU.ActiveCfg = Release|Any CPU
		{54324F5E-CBFF-4061-AE85-5262EBB16D18}.Release|Any CPU.Build.0 = Release|Any CPU
		{23021929-AEE9-4B40-A53A-8CB1B7E17F27}.Debug|Any CPU.ActiveCfg = Debug|Any CPU
		{23021929-AEE9-4B40-A53A-8CB1B7E17F27}.Debug|Any CPU.Build.0 = Debug|Any CPU
		{23021929-AEE9-4B40-A53A-8CB1B7E17F27}.Release|Any CPU.ActiveCfg = Release|Any CPU
		{23021929-AEE9-4B40-A53A-8CB1B7E17F27}.Release|Any CPU.Build.0 = Release|Any CPU
	EndGlobalSection
	GlobalSection(SolutionProperties) = preSolution
		HideSolutionNode = FALSE
	EndGlobalSection
	GlobalSection(ExtensibilityGlobals) = postSolution
		SolutionGuid = {523A9584-2E92-480E-A4BA-717930F6B347}
	EndGlobalSection
EndGlobal
