
Microsoft Visual Studio Solution File, Format Version 12.00
# Visual Studio Express 15 for Windows Desktop
VisualStudioVersion = 15.0.27703.2047
MinimumVisualStudioVersion = 10.0.40219.1
Project("{FAE04EC0-301F-11D3-BF4B-00C04F79EFBC}") = "Evaluation2Part2", "Evaluation2Part2\Evaluation2Part2.csproj", "{61676843-7FE3-4CA8-9073-F95441B142E4}"
EndProject
Global
	GlobalSection(SolutionConfigurationPlatforms) = preSolution
		Debug|Any CPU = Debug|Any CPU
		Release|Any CPU = Release|Any CPU
	EndGlobalSection
	GlobalSection(ProjectConfigurationPlatforms) = postSolution
		{61676843-7FE3-4CA8-9073-F95441B142E4}.Debug|Any CPU.ActiveCfg = Debug|Any CPU
		{61676843-7FE3-4CA8-9073-F95441B142E4}.Debug|Any CPU.Build.0 = Debug|Any CPU
		{61676843-7FE3-4CA8-9073-F95441B142E4}.Release|Any CPU.ActiveCfg = Release|Any CPU
		{61676843-7FE3-4CA8-9073-F95441B142E4}.Release|Any CPU.Build.0 = Release|Any CPU
	EndGlobalSection
	GlobalSection(SolutionProperties) = preSolution
		HideSolutionNode = FALSE
	EndGlobalSection
	GlobalSection(ExtensibilityGlobals) = postSolution
		SolutionGuid = {005910EB-35E6-412B-A30D-2C731A9EBB56}
	EndGlobalSection
EndGlobal
