
Microsoft Visual Studio Solution File, Format Version 12.00
# Visual Studio Express 15 for Windows Desktop
VisualStudioVersion = 15.0.27703.2047
MinimumVisualStudioVersion = 10.0.40219.1
Project("{FAE04EC0-301F-11D3-BF4B-00C04F79EFBC}") = "coloumn_row", "coloumn_row\coloumn_row.csproj", "{0F61AE4B-B0BC-4D51-9CB9-C5E2C092E78A}"
EndProject
Project("{FAE04EC0-301F-11D3-BF4B-00C04F79EFBC}") = "tictactoe", "tictactoe\tictactoe.csproj", "{ECA50CB1-2EA5-4991-9004-6B6B60B1203E}"
EndProject
Project("{FAE04EC0-301F-11D3-BF4B-00C04F79EFBC}") = "Snake", "Snake\Snake.csproj", "{B0C83EC4-B0A3-42DD-8098-A5B9F10E30D9}"
EndProject
Global
	GlobalSection(SolutionConfigurationPlatforms) = preSolution
		Debug|Any CPU = Debug|Any CPU
		Release|Any CPU = Release|Any CPU
	EndGlobalSection
	GlobalSection(ProjectConfigurationPlatforms) = postSolution
		{0F61AE4B-B0BC-4D51-9CB9-C5E2C092E78A}.Debug|Any CPU.ActiveCfg = Debug|Any CPU
		{0F61AE4B-B0BC-4D51-9CB9-C5E2C092E78A}.Debug|Any CPU.Build.0 = Debug|Any CPU
		{0F61AE4B-B0BC-4D51-9CB9-C5E2C092E78A}.Release|Any CPU.ActiveCfg = Release|Any CPU
		{0F61AE4B-B0BC-4D51-9CB9-C5E2C092E78A}.Release|Any CPU.Build.0 = Release|Any CPU
		{ECA50CB1-2EA5-4991-9004-6B6B60B1203E}.Debug|Any CPU.ActiveCfg = Debug|Any CPU
		{ECA50CB1-2EA5-4991-9004-6B6B60B1203E}.Debug|Any CPU.Build.0 = Debug|Any CPU
		{ECA50CB1-2EA5-4991-9004-6B6B60B1203E}.Release|Any CPU.ActiveCfg = Release|Any CPU
		{ECA50CB1-2EA5-4991-9004-6B6B60B1203E}.Release|Any CPU.Build.0 = Release|Any CPU
		{B0C83EC4-B0A3-42DD-8098-A5B9F10E30D9}.Debug|Any CPU.ActiveCfg = Debug|Any CPU
		{B0C83EC4-B0A3-42DD-8098-A5B9F10E30D9}.Debug|Any CPU.Build.0 = Debug|Any CPU
		{B0C83EC4-B0A3-42DD-8098-A5B9F10E30D9}.Release|Any CPU.ActiveCfg = Release|Any CPU
		{B0C83EC4-B0A3-42DD-8098-A5B9F10E30D9}.Release|Any CPU.Build.0 = Release|Any CPU
	EndGlobalSection
	GlobalSection(SolutionProperties) = preSolution
		HideSolutionNode = FALSE
	EndGlobalSection
	GlobalSection(ExtensibilityGlobals) = postSolution
		SolutionGuid = {3D2DDBAC-E5B6-4251-AA6A-3AF53FE3868B}
	EndGlobalSection
EndGlobal
