
Microsoft Visual Studio Solution File, Format Version 12.00
# Visual Studio Express 15 for Windows Desktop
VisualStudioVersion = 15.0.27703.2047
MinimumVisualStudioVersion = 10.0.40219.1
Project("{FAE04EC0-301F-11D3-BF4B-00C04F79EFBC}") = "WindowsFormsApp1", "WindowsFormsApp1\WindowsFormsApp1.csproj", "{927BAAE0-CFDA-457E-88DF-C85DE5E73C87}"
EndProject
Global
	GlobalSection(SolutionConfigurationPlatforms) = preSolution
		Debug|Any CPU = Debug|Any CPU
		Release|Any CPU = Release|Any CPU
	EndGlobalSection
	GlobalSection(ProjectConfigurationPlatforms) = postSolution
		{927BAAE0-CFDA-457E-88DF-C85DE5E73C87}.Debug|Any CPU.ActiveCfg = Debug|Any CPU
		{927BAAE0-CFDA-457E-88DF-C85DE5E73C87}.Debug|Any CPU.Build.0 = Debug|Any CPU
		{927BAAE0-CFDA-457E-88DF-C85DE5E73C87}.Release|Any CPU.ActiveCfg = Release|Any CPU
		{927BAAE0-CFDA-457E-88DF-C85DE5E73C87}.Release|Any CPU.Build.0 = Release|Any CPU
	EndGlobalSection
	GlobalSection(SolutionProperties) = preSolution
		HideSolutionNode = FALSE
	EndGlobalSection
	GlobalSection(ExtensibilityGlobals) = postSolution
		SolutionGuid = {9D32FD49-C2AA-4129-8658-44C14A886CEA}
	EndGlobalSection
EndGlobal
